
Microsoft Visual Studio Solution File, Format Version 12.00
# Visual Studio Version 17
VisualStudioVersion = 17.4.33122.133
MinimumVisualStudioVersion = 10.0.40219.1
Project("{9A19103F-16F7-4668-BE54-9A1E7A4F7556}") = "Media Controller Remote Host", "WPF TestPlayground\Media Controller Remote Host.csproj", "{DB3FA21B-C56F-42A0-8048-3C8B63EE4D39}"
EndProject
Global
	GlobalSection(SolutionConfigurationPlatforms) = preSolution
		Debug|Any CPU = Debug|Any CPU
		Release|Any CPU = Release|Any CPU
	EndGlobalSection
	GlobalSection(ProjectConfigurationPlatforms) = postSolution
		{DB3FA21B-C56F-42A0-8048-3C8B63EE4D39}.Debug|Any CPU.ActiveCfg = Debug|Any CPU
		{DB3FA21B-C56F-42A0-8048-3C8B63EE4D39}.Debug|Any CPU.Build.0 = Debug|Any CPU
		{DB3FA21B-C56F-42A0-8048-3C8B63EE4D39}.Release|Any CPU.ActiveCfg = Release|Any CPU
		{DB3FA21B-C56F-42A0-8048-3C8B63EE4D39}.Release|Any CPU.Build.0 = Release|Any CPU
	EndGlobalSection
	GlobalSection(SolutionProperties) = preSolution
		HideSolutionNode = FALSE
	EndGlobalSection
	GlobalSection(ExtensibilityGlobals) = postSolution
		SolutionGuid = {1CE22C74-6CBD-4601-8094-D9529A72F540}
	EndGlobalSection
EndGlobal
